
Microsoft Visual Studio Solution File, Format Version 12.00
# Visual Studio Version 16
VisualStudioVersion = 16.0.29509.3
MinimumVisualStudioVersion = 10.0.40219.1
Project("{FAE04EC0-301F-11D3-BF4B-00C04F79EFBC}") = "AbstractFactoryDesignPattern", "AbstractFactoryDesignPattern\AbstractFactoryDesignPattern.csproj", "{5F3CC65C-90D1-43DD-B3D8-D0B8A0CAB3EA}"
EndProject
Global
	GlobalSection(SolutionConfigurationPlatforms) = preSolution
		Debug|Any CPU = Debug|Any CPU
		Release|Any CPU = Release|Any CPU
	EndGlobalSection
	GlobalSection(ProjectConfigurationPlatforms) = postSolution
		{5F3CC65C-90D1-43DD-B3D8-D0B8A0CAB3EA}.Debug|Any CPU.ActiveCfg = Debug|Any CPU
		{5F3CC65C-90D1-43DD-B3D8-D0B8A0CAB3EA}.Debug|Any CPU.Build.0 = Debug|Any CPU
		{5F3CC65C-90D1-43DD-B3D8-D0B8A0CAB3EA}.Release|Any CPU.ActiveCfg = Release|Any CPU
		{5F3CC65C-90D1-43DD-B3D8-D0B8A0CAB3EA}.Release|Any CPU.Build.0 = Release|Any CPU
	EndGlobalSection
	GlobalSection(SolutionProperties) = preSolution
		HideSolutionNode = FALSE
	EndGlobalSection
	GlobalSection(ExtensibilityGlobals) = postSolution
		SolutionGuid = {FEC0F57B-7497-4B76-80DB-53168AFE3C65}
	EndGlobalSection
EndGlobal
